
Microsoft Visual Studio Solution File, Format Version 12.00
# Visual Studio Version 17
VisualStudioVersion = 17.10.35013.160
MinimumVisualStudioVersion = 10.0.40219.1
Project("{9A19103F-16F7-4668-BE54-9A1E7A4F7556}") = "Assi2", "Assi2.csproj", "{8E4B0DA4-3D7B-461D-86A6-6AEE5E4A221F}"
EndProject
Global
	GlobalSection(SolutionConfigurationPlatforms) = preSolution
		Debug|Any CPU = Debug|Any CPU
		Release|Any CPU = Release|Any CPU
	EndGlobalSection
	GlobalSection(ProjectConfigurationPlatforms) = postSolution
		{8E4B0DA4-3D7B-461D-86A6-6AEE5E4A221F}.Debug|Any CPU.ActiveCfg = Debug|Any CPU
		{8E4B0DA4-3D7B-461D-86A6-6AEE5E4A221F}.Debug|Any CPU.Build.0 = Debug|Any CPU
		{8E4B0DA4-3D7B-461D-86A6-6AEE5E4A221F}.Release|Any CPU.ActiveCfg = Release|Any CPU
		{8E4B0DA4-3D7B-461D-86A6-6AEE5E4A221F}.Release|Any CPU.Build.0 = Release|Any CPU
	EndGlobalSection
	GlobalSection(SolutionProperties) = preSolution
		HideSolutionNode = FALSE
	EndGlobalSection
	GlobalSection(ExtensibilityGlobals) = postSolution
		SolutionGuid = {4824790D-C4A2-4C66-88EC-513B80B336C7}
	EndGlobalSection
EndGlobal
